<Solution>
  <Project Path="src/PokemonTools.ApiService/PokemonTools.ApiService.csproj" />
  <Project Path="src/PokemonTools.AppHost/PokemonTools.AppHost.csproj" />
  <Project Path="src/PokemonTools.ServiceDefaults/PokemonTools.ServiceDefaults.csproj" />
  <Project Path="src/PokemonTools.Tests/PokemonTools.Tests.csproj" />
  <Project Path="src/PokemonTools.Web/PokemonTools.Web.csproj" />
</Solution>
